
Microsoft Visual Studio Solution File, Format Version 12.00
# Visual Studio 15
VisualStudioVersion = 15.0.28010.2036
MinimumVisualStudioVersion = 10.0.40219.1
Project("{FAE04EC0-301F-11D3-BF4B-00C04F79EFBC}") = "Vidly", "Vidly\Vidly.csproj", "{05E4E530-7C1C-4F37-B7E6-5C677FA1CE88}"
EndProject
Global
	GlobalSection(SolutionConfigurationPlatforms) = preSolution
		Debug|Any CPU = Debug|Any CPU
		Release|Any CPU = Release|Any CPU
	EndGlobalSection
	GlobalSection(ProjectConfigurationPlatforms) = postSolution
		{05E4E530-7C1C-4F37-B7E6-5C677FA1CE88}.Debug|Any CPU.ActiveCfg = Debug|Any CPU
		{05E4E530-7C1C-4F37-B7E6-5C677FA1CE88}.Debug|Any CPU.Build.0 = Debug|Any CPU
		{05E4E530-7C1C-4F37-B7E6-5C677FA1CE88}.Release|Any CPU.ActiveCfg = Release|Any CPU
		{05E4E530-7C1C-4F37-B7E6-5C677FA1CE88}.Release|Any CPU.Build.0 = Release|Any CPU
	EndGlobalSection
	GlobalSection(SolutionProperties) = preSolution
		HideSolutionNode = FALSE
	EndGlobalSection
	GlobalSection(ExtensibilityGlobals) = postSolution
		SolutionGuid = {FE4A98CD-D6E6-47F8-99E4-603D5D9AA94F}
	EndGlobalSection
EndGlobal
